
Microsoft Visual Studio Solution File, Format Version 12.00
# Visual Studio Version 16
VisualStudioVersion = 16.0.32802.440
MinimumVisualStudioVersion = 10.0.40219.1
Project("{FAE04EC0-301F-11D3-BF4B-00C04F79EFBC}") = "DarkAdminPanel", "DarkAdminPanel.csproj", "{0160E523-70F8-4F2C-8A5C-DA437B2F9EF6}"
EndProject
Global
	GlobalSection(SolutionConfigurationPlatforms) = preSolution
		Debug|Any CPU = Debug|Any CPU
		Release|Any CPU = Release|Any CPU
	EndGlobalSection
	GlobalSection(ProjectConfigurationPlatforms) = postSolution
		{0160E523-70F8-4F2C-8A5C-DA437B2F9EF6}.Debug|Any CPU.ActiveCfg = Debug|Any CPU
		{0160E523-70F8-4F2C-8A5C-DA437B2F9EF6}.Debug|Any CPU.Build.0 = Debug|Any CPU
		{0160E523-70F8-4F2C-8A5C-DA437B2F9EF6}.Release|Any CPU.ActiveCfg = Release|Any CPU
		{0160E523-70F8-4F2C-8A5C-DA437B2F9EF6}.Release|Any CPU.Build.0 = Release|Any CPU
	EndGlobalSection
	GlobalSection(SolutionProperties) = preSolution
		HideSolutionNode = FALSE
	EndGlobalSection
	GlobalSection(ExtensibilityGlobals) = postSolution
		SolutionGuid = {59C07DF8-0F25-4A70-8A84-023C95881EE6}
	EndGlobalSection
EndGlobal
